// !$*UTF8*$!
{
	archiveVersion = 1;
	classes = {
	};
	objectVersion = 46;
	objects = {

/* Begin PBXBuildFile section */
		8C7BA5631D2E1B680090D994 /* Podfile in Resources */ = {isa = PBXBuildFile; fileRef = 8C7BA5621D2E1B680090D994 /* Podfile */; };
		8C8298031D2F683500EA7256 /* GoogleService-Info.plist in Resources */ = {isa = PBXBuildFile; fileRef = 8C8298021D2F683500EA7256 /* GoogleService-Info.plist */; };
		8C85748D1D37559200B86033 /* libz.tbd in Frameworks */ = {isa = PBXBuildFile; fileRef = 8C85748C1D37559200B86033 /* libz.tbd */; };
		8C85748F1D3755CE00B86033 /* libstdc++.tbd in Frameworks */ = {isa = PBXBuildFile; fileRef = 8C85748E1D3755CE00B86033 /* libstdc++.tbd */; };
		8C90EBC11D389FDE00494B9C /* Fabric.framework in Frameworks */ = {isa = PBXBuildFile; fileRef = 8C90EBBD1D389FDE00494B9C /* Fabric.framework */; };
		8C90EBC21D389FDE00494B9C /* DigitsKit.framework in Frameworks */ = {isa = PBXBuildFile; fileRef = 8C90EBBE1D389FDE00494B9C /* DigitsKit.framework */; };
		8C90EBC31D389FDE00494B9C /* DigitsKitResources.bundle in Resources */ = {isa = PBXBuildFile; fileRef = 8C90EBBF1D389FDE00494B9C /* DigitsKitResources.bundle */; };
		8C90EBC41D389FDE00494B9C /* TwitterCore.framework in Frameworks */ = {isa = PBXBuildFile; fileRef = 8C90EBC01D389FDE00494B9C /* TwitterCore.framework */; };
		8CD6D9DA1D261FBA0081BA09 /* celdaMunicipio.m in Sources */ = {isa = PBXBuildFile; fileRef = 8CD6D9D81D261FBA0081BA09 /* celdaMunicipio.m */; };
		8CD6D9DB1D261FBA0081BA09 /* celdaMunicipio.xib in Resources */ = {isa = PBXBuildFile; fileRef = 8CD6D9D91D261FBA0081BA09 /* celdaMunicipio.xib */; };
		8CD6D9E41D26212F0081BA09 /* Municipio.m in Sources */ = {isa = PBXBuildFile; fileRef = 8CD6D9E21D26212F0081BA09 /* Municipio.m */; };
		8CD6D9E81D26381C0081BA09 /* Destination.m in Sources */ = {isa = PBXBuildFile; fileRef = 8CD6D9E71D26381C0081BA09 /* Destination.m */; };
		8CD73B071D24E51E00674FB5 /* Armeria.jpg in Resources */ = {isa = PBXBuildFile; fileRef = 8CD73AE91D24E51E00674FB5 /* Armeria.jpg */; };
		8CD73B081D24E51E00674FB5 /* BahiaDeBanderas.jpg in Resources */ = {isa = PBXBuildFile; fileRef = 8CD73AEA1D24E51E00674FB5 /* BahiaDeBanderas.jpg */; };
		8CD73B091D24E51E00674FB5 /* Colima.jpg in Resources */ = {isa = PBXBuildFile; fileRef = 8CD73AEB1D24E51E00674FB5 /* Colima.jpg */; };
		8CD73B0A1D24E51E00674FB5 /* Colima.png in Resources */ = {isa = PBXBuildFile; fileRef = 8CD73AEC1D24E51E00674FB5 /* Colima.png */; };
		8CD73B0B1D24E51E00674FB5 /* Comala.jpg in Resources */ = {isa = PBXBuildFile; fileRef = 8CD73AED1D24E51E00674FB5 /* Comala.jpg */; };
		8CD73B0C1D24E51E00674FB5 /* Compostela.jpg in Resources */ = {isa = PBXBuildFile; fileRef = 8CD73AEE1D24E51E00674FB5 /* Compostela.jpg */; };
		8CD73B0D1D24E51E00674FB5 /* Cotija.jpg in Resources */ = {isa = PBXBuildFile; fileRef = 8CD73AEF1D24E51E00674FB5 /* Cotija.jpg */; };
		8CD73B0E1D24E51E00674FB5 /* Culiacan.jpg in Resources */ = {isa = PBXBuildFile; fileRef = 8CD73AF01D24E51E00674FB5 /* Culiacan.jpg */; };
		8CD73B0F1D24E51E00674FB5 /* Guadalajara.jpg in Resources */ = {isa = PBXBuildFile; fileRef = 8CD73AF11D24E51E00674FB5 /* Guadalajara.jpg */; };
		8CD73B101D24E51E00674FB5 /* Guasave.jpg in Resources */ = {isa = PBXBuildFile; fileRef = 8CD73AF21D24E51E00674FB5 /* Guasave.jpg */; };
		8CD73B111D24E51E00674FB5 /* Jala.jpg in Resources */ = {isa = PBXBuildFile; fileRef = 8CD73AF31D24E51E00674FB5 /* Jala.jpg */; };
		8CD73B121D24E51E00674FB5 /* Jalisco.png in Resources */ = {isa = PBXBuildFile; fileRef = 8CD73AF41D24E51E00674FB5 /* Jalisco.png */; };
		8CD73B131D24E51E00674FB5 /* Manzanillo.jpg in Resources */ = {isa = PBXBuildFile; fileRef = 8CD73AF51D24E51E00674FB5 /* Manzanillo.jpg */; };
		8CD73B141D24E51E00674FB5 /* Mazamitla.jpg in Resources */ = {isa = PBXBuildFile; fileRef = 8CD73AF61D24E51E00674FB5 /* Mazamitla.jpg */; };
		8CD73B151D24E51E00674FB5 /* Mazatlan.jpg in Resources */ = {isa = PBXBuildFile; fileRef = 8CD73AF71D24E51E00674FB5 /* Mazatlan.jpg */; };
		8CD73B161D24E51E00674FB5 /* Michoacan.png in Resources */ = {isa = PBXBuildFile; fileRef = 8CD73AF81D24E51E00674FB5 /* Michoacan.png */; };
		8CD73B171D24E51E00674FB5 /* Morelia.jpg in Resources */ = {isa = PBXBuildFile; fileRef = 8CD73AF91D24E51E00674FB5 /* Morelia.jpg */; };
		8CD73B181D24E51E00674FB5 /* Navolato.jpg in Resources */ = {isa = PBXBuildFile; fileRef = 8CD73AFA1D24E51E00674FB5 /* Navolato.jpg */; };
		8CD73B191D24E51E00674FB5 /* Nayarit.png in Resources */ = {isa = PBXBuildFile; fileRef = 8CD73AFB1D24E51E00674FB5 /* Nayarit.png */; };
		8CD73B1A1D24E51E00674FB5 /* Patzcuaro.jpg in Resources */ = {isa = PBXBuildFile; fileRef = 8CD73AFC1D24E51E00674FB5 /* Patzcuaro.jpg */; };
		8CD73B1B1D24E51E00674FB5 /* Rosario.jpg in Resources */ = {isa = PBXBuildFile; fileRef = 8CD73AFD1D24E51E00674FB5 /* Rosario.jpg */; };
		8CD73B1C1D24E51E00674FB5 /* Sinaloa.png in Resources */ = {isa = PBXBuildFile; fileRef = 8CD73AFE1D24E51E00674FB5 /* Sinaloa.png */; };
		8CD73B1D1D24E51E00674FB5 /* Tecoman.jpg in Resources */ = {isa = PBXBuildFile; fileRef = 8CD73AFF1D24E51E00674FB5 /* Tecoman.jpg */; };
		8CD73B1E1D24E51E00674FB5 /* Tecuala.jpg in Resources */ = {isa = PBXBuildFile; fileRef = 8CD73B001D24E51E00674FB5 /* Tecuala.jpg */; };
		8CD73B1F1D24E51E00674FB5 /* Tepic.jpg in Resources */ = {isa = PBXBuildFile; fileRef = 8CD73B011D24E51E00674FB5 /* Tepic.jpg */; };
		8CD73B201D24E51E00674FB5 /* Tlaquepaque.jpg in Resources */ = {isa = PBXBuildFile; fileRef = 8CD73B021D24E51E00674FB5 /* Tlaquepaque.jpg */; };
		8CD73B211D24E51E00674FB5 /* Uruapan.jpg in Resources */ = {isa = PBXBuildFile; fileRef = 8CD73B031D24E51E00674FB5 /* Uruapan.jpg */; };
		8CD73B221D24E51E00674FB5 /* Vallarta.jpg in Resources */ = {isa = PBXBuildFile; fileRef = 8CD73B041D24E51E00674FB5 /* Vallarta.jpg */; };
		8CD73B231D24E51E00674FB5 /* Zapopan.jpg in Resources */ = {isa = PBXBuildFile; fileRef = 8CD73B051D24E51E00674FB5 /* Zapopan.jpg */; };
		8CD73B241D24E51E00674FB5 /* Zitacuaro.jpg in Resources */ = {isa = PBXBuildFile; fileRef = 8CD73B061D24E51E00674FB5 /* Zitacuaro.jpg */; };
		8CEA3F6F1D236EFD00E4E876 /* main.m in Sources */ = {isa = PBXBuildFile; fileRef = 8CEA3F6E1D236EFD00E4E876 /* main.m */; };
		8CEA3F721D236EFD00E4E876 /* AppDelegate.m in Sources */ = {isa = PBXBuildFile; fileRef = 8CEA3F711D236EFD00E4E876 /* AppDelegate.m */; };
		8CEA3F751D236EFD00E4E876 /* Inicio.m in Sources */ = {isa = PBXBuildFile; fileRef = 8CEA3F741D236EFD00E4E876 /* Inicio.m */; };
		8CEA3F781D236EFE00E4E876 /* Main.storyboard in Resources */ = {isa = PBXBuildFile; fileRef = 8CEA3F761D236EFE00E4E876 /* Main.storyboard */; };
		8CEA3F7B1D236EFE00E4E876 /* Lab05.xcdatamodeld in Sources */ = {isa = PBXBuildFile; fileRef = 8CEA3F791D236EFE00E4E876 /* Lab05.xcdatamodeld */; };
		8CEA3F7D1D236EFE00E4E876 /* Assets.xcassets in Resources */ = {isa = PBXBuildFile; fileRef = 8CEA3F7C1D236EFE00E4E876 /* Assets.xcassets */; };
		8CEA3F801D236EFE00E4E876 /* LaunchScreen.storyboard in Resources */ = {isa = PBXBuildFile; fileRef = 8CEA3F7E1D236EFE00E4E876 /* LaunchScreen.storyboard */; };
		8CEA3F8D1D23709100E4E876 /* celdaEstado.m in Sources */ = {isa = PBXBuildFile; fileRef = 8CEA3F8B1D23709100E4E876 /* celdaEstado.m */; };
		8CEA3F8E1D23709100E4E876 /* celdaEstado.xib in Resources */ = {isa = PBXBuildFile; fileRef = 8CEA3F8C1D23709100E4E876 /* celdaEstado.xib */; };
		A3C1E44A37F1BBBC6F260D17 /* Pods_Lab05.framework in Frameworks */ = {isa = PBXBuildFile; fileRef = E1A7FFDF94A2192FDF3F2366 /* Pods_Lab05.framework */; };
/* End PBXBuildFile section */

/* Begin PBXFileReference section */
		5AF4A085DC464AC5056B053A /* Pods-Lab05.debug.xcconfig */ = {isa = PBXFileReference; includeInIndex = 1; lastKnownFileType = text.xcconfig; name = "Pods-Lab05.debug.xcconfig"; path = "Lab05/Pods/Target Support Files/Pods-Lab05/Pods-Lab05.debug.xcconfig"; sourceTree = "<group>"; };
		8C7BA5621D2E1B680090D994 /* Podfile */ = {isa = PBXFileReference; fileEncoding = 4; lastKnownFileType = text; path = Podfile; sourceTree = "<group>"; xcLanguageSpecificationIdentifier = xcode.lang.ruby; };
		8C8298021D2F683500EA7256 /* GoogleService-Info.plist */ = {isa = PBXFileReference; fileEncoding = 4; lastKnownFileType = text.plist.xml; name = "GoogleService-Info.plist"; path = "Lab05/GoogleService-Info.plist"; sourceTree = "<group>"; };
		8C85748C1D37559200B86033 /* libz.tbd */ = {isa = PBXFileReference; lastKnownFileType = "sourcecode.text-based-dylib-definition"; name = libz.tbd; path = usr/lib/libz.tbd; sourceTree = SDKROOT; };
		8C85748E1D3755CE00B86033 /* libstdc++.tbd */ = {isa = PBXFileReference; lastKnownFileType = "sourcecode.text-based-dylib-definition"; name = "libstdc++.tbd"; path = "usr/lib/libstdc++.tbd"; sourceTree = SDKROOT; };
		8C90EBBD1D389FDE00494B9C /* Fabric.framework */ = {isa = PBXFileReference; lastKnownFileType = wrapper.framework; path = Fabric.framework; sourceTree = "<group>"; };
		8C90EBBE1D389FDE00494B9C /* DigitsKit.framework */ = {isa = PBXFileReference; lastKnownFileType = wrapper.framework; path = DigitsKit.framework; sourceTree = "<group>"; };
		8C90EBBF1D389FDE00494B9C /* DigitsKitResources.bundle */ = {isa = PBXFileReference; lastKnownFileType = "wrapper.plug-in"; name = DigitsKitResources.bundle; path = DigitsKit.framework/Versions/A/Resources/DigitsKitResources.bundle; sourceTree = "<group>"; };
		8C90EBC01D389FDE00494B9C /* TwitterCore.framework */ = {isa = PBXFileReference; lastKnownFileType = wrapper.framework; path = TwitterCore.framework; sourceTree = "<group>"; };
		8CD6D9D71D261FBA0081BA09 /* celdaMunicipio.h */ = {isa = PBXFileReference; fileEncoding = 4; lastKnownFileType = sourcecode.c.h; path = celdaMunicipio.h; sourceTree = "<group>"; };
		8CD6D9D81D261FBA0081BA09 /* celdaMunicipio.m */ = {isa = PBXFileReference; fileEncoding = 4; lastKnownFileType = sourcecode.c.objc; path = celdaMunicipio.m; sourceTree = "<group>"; };
		8CD6D9D91D261FBA0081BA09 /* celdaMunicipio.xib */ = {isa = PBXFileReference; fileEncoding = 4; lastKnownFileType = file.xib; path = celdaMunicipio.xib; sourceTree = "<group>"; };
		8CD6D9E11D26212F0081BA09 /* Municipio.h */ = {isa = PBXFileReference; fileEncoding = 4; lastKnownFileType = sourcecode.c.h; path = Municipio.h; sourceTree = "<group>"; };
		8CD6D9E21D26212F0081BA09 /* Municipio.m */ = {isa = PBXFileReference; fileEncoding = 4; lastKnownFileType = sourcecode.c.objc; path = Municipio.m; sourceTree = "<group>"; };
		8CD6D9E61D26381C0081BA09 /* Destination.h */ = {isa = PBXFileReference; fileEncoding = 4; lastKnownFileType = sourcecode.c.h; path = Destination.h; sourceTree = "<group>"; };
		8CD6D9E71D26381C0081BA09 /* Destination.m */ = {isa = PBXFileReference; fileEncoding = 4; lastKnownFileType = sourcecode.c.objc; path = Destination.m; sourceTree = "<group>"; };
		8CD73AE91D24E51E00674FB5 /* Armeria.jpg */ = {isa = PBXFileReference; lastKnownFileType = image.jpeg; path = Armeria.jpg; sourceTree = "<group>"; };
		8CD73AEA1D24E51E00674FB5 /* BahiaDeBanderas.jpg */ = {isa = PBXFileReference; lastKnownFileType = image.jpeg; path = BahiaDeBanderas.jpg; sourceTree = "<group>"; };
		8CD73AEB1D24E51E00674FB5 /* Colima.jpg */ = {isa = PBXFileReference; lastKnownFileType = image.jpeg; path = Colima.jpg; sourceTree = "<group>"; };
		8CD73AEC1D24E51E00674FB5 /* Colima.png */ = {isa = PBXFileReference; lastKnownFileType = image.png; path = Colima.png; sourceTree = "<group>"; };
		8CD73AED1D24E51E00674FB5 /* Comala.jpg */ = {isa = PBXFileReference; lastKnownFileType = image.jpeg; path = Comala.jpg; sourceTree = "<group>"; };
		8CD73AEE1D24E51E00674FB5 /* Compostela.jpg */ = {isa = PBXFileReference; lastKnownFileType = image.jpeg; path = Compostela.jpg; sourceTree = "<group>"; };
		8CD73AEF1D24E51E00674FB5 /* Cotija.jpg */ = {isa = PBXFileReference; lastKnownFileType = image.jpeg; path = Cotija.jpg; sourceTree = "<group>"; };
		8CD73AF01D24E51E00674FB5 /* Culiacan.jpg */ = {isa = PBXFileReference; lastKnownFileType = image.jpeg; path = Culiacan.jpg; sourceTree = "<group>"; };
		8CD73AF11D24E51E00674FB5 /* Guadalajara.jpg */ = {isa = PBXFileReference; lastKnownFileType = image.jpeg; path = Guadalajara.jpg; sourceTree = "<group>"; };
		8CD73AF21D24E51E00674FB5 /* Guasave.jpg */ = {isa = PBXFileReference; lastKnownFileType = image.jpeg; path = Guasave.jpg; sourceTree = "<group>"; };
		8CD73AF31D24E51E00674FB5 /* Jala.jpg */ = {isa = PBXFileReference; lastKnownFileType = image.jpeg; path = Jala.jpg; sourceTree = "<group>"; };
		8CD73AF41D24E51E00674FB5 /* Jalisco.png */ = {isa = PBXFileReference; lastKnownFileType = image.png; path = Jalisco.png; sourceTree = "<group>"; };
		8CD73AF51D24E51E00674FB5 /* Manzanillo.jpg */ = {isa = PBXFileReference; lastKnownFileType = image.jpeg; path = Manzanillo.jpg; sourceTree = "<group>"; };
		8CD73AF61D24E51E00674FB5 /* Mazamitla.jpg */ = {isa = PBXFileReference; lastKnownFileType = image.jpeg; path = Mazamitla.jpg; sourceTree = "<group>"; };
		8CD73AF71D24E51E00674FB5 /* Mazatlan.jpg */ = {isa = PBXFileReference; lastKnownFileType = image.jpeg; path = Mazatlan.jpg; sourceTree = "<group>"; };
		8CD73AF81D24E51E00674FB5 /* Michoacan.png */ = {isa = PBXFileReference; lastKnownFileType = image.png; path = Michoacan.png; sourceTree = "<group>"; };
		8CD73AF91D24E51E00674FB5 /* Morelia.jpg */ = {isa = PBXFileReference; lastKnownFileType = image.jpeg; path = Morelia.jpg; sourceTree = "<group>"; };
		8CD73AFA1D24E51E00674FB5 /* Navolato.jpg */ = {isa = PBXFileReference; lastKnownFileType = image.jpeg; path = Navolato.jpg; sourceTree = "<group>"; };
		8CD73AFB1D24E51E00674FB5 /* Nayarit.png */ = {isa = PBXFileReference; lastKnownFileType = image.png; path = Nayarit.png; sourceTree = "<group>"; };
		8CD73AFC1D24E51E00674FB5 /* Patzcuaro.jpg */ = {isa = PBXFileReference; lastKnownFileType = image.jpeg; path = Patzcuaro.jpg; sourceTree = "<group>"; };
		8CD73AFD1D24E51E00674FB5 /* Rosario.jpg */ = {isa = PBXFileReference; lastKnownFileType = image.jpeg; path = Rosario.jpg; sourceTree = "<group>"; };
		8CD73AFE1D24E51E00674FB5 /* Sinaloa.png */ = {isa = PBXFileReference; lastKnownFileType = image.png; path = Sinaloa.png; sourceTree = "<group>"; };
		8CD73AFF1D24E51E00674FB5 /* Tecoman.jpg */ = {isa = PBXFileReference; lastKnownFileType = image.jpeg; path = Tecoman.jpg; sourceTree = "<group>"; };
		8CD73B001D24E51E00674FB5 /* Tecuala.jpg */ = {isa = PBXFileReference; lastKnownFileType = image.jpeg; path = Tecuala.jpg; sourceTree = "<group>"; };
		8CD73B011D24E51E00674FB5 /* Tepic.jpg */ = {isa = PBXFileReference; lastKnownFileType = image.jpeg; path = Tepic.jpg; sourceTree = "<group>"; };
		8CD73B021D24E51E00674FB5 /* Tlaquepaque.jpg */ = {isa = PBXFileReference; lastKnownFileType = image.jpeg; path = Tlaquepaque.jpg; sourceTree = "<group>"; };
		8CD73B031D24E51E00674FB5 /* Uruapan.jpg */ = {isa = PBXFileReference; lastKnownFileType = image.jpeg; path = Uruapan.jpg; sourceTree = "<group>"; };
		8CD73B041D24E51E00674FB5 /* Vallarta.jpg */ = {isa = PBXFileReference; lastKnownFileType = image.jpeg; path = Vallarta.jpg; sourceTree = "<group>"; };
		8CD73B051D24E51E00674FB5 /* Zapopan.jpg */ = {isa = PBXFileReference; lastKnownFileType = image.jpeg; path = Zapopan.jpg; sourceTree = "<group>"; };
		8CD73B061D24E51E00674FB5 /* Zitacuaro.jpg */ = {isa = PBXFileReference; lastKnownFileType = image.jpeg; path = Zitacuaro.jpg; sourceTree = "<group>"; };
		8CEA3F6A1D236EFD00E4E876 /* Lab05.app */ = {isa = PBXFileReference; explicitFileType = wrapper.application; includeInIndex = 0; path = Lab05.app; sourceTree = BUILT_PRODUCTS_DIR; };
		8CEA3F6E1D236EFD00E4E876 /* main.m */ = {isa = PBXFileReference; lastKnownFileType = sourcecode.c.objc; path = main.m; sourceTree = "<group>"; };
		8CEA3F701D236EFD00E4E876 /* AppDelegate.h */ = {isa = PBXFileReference; lastKnownFileType = sourcecode.c.h; path = AppDelegate.h; sourceTree = "<group>"; };
		8CEA3F711D236EFD00E4E876 /* AppDelegate.m */ = {isa = PBXFileReference; lastKnownFileType = sourcecode.c.objc; path = AppDelegate.m; sourceTree = "<group>"; };
		8CEA3F731D236EFD00E4E876 /* Inicio.h */ = {isa = PBXFileReference; lastKnownFileType = sourcecode.c.h; path = Inicio.h; sourceTree = "<group>"; };
		8CEA3F741D236EFD00E4E876 /* Inicio.m */ = {isa = PBXFileReference; lastKnownFileType = sourcecode.c.objc; path = Inicio.m; sourceTree = "<group>"; };
		8CEA3F771D236EFE00E4E876 /* Base */ = {isa = PBXFileReference; lastKnownFileType = file.storyboard; name = Base; path = Base.lproj/Main.storyboard; sourceTree = "<group>"; };
		8CEA3F7A1D236EFE00E4E876 /* Lab05.xcdatamodel */ = {isa = PBXFileReference; lastKnownFileType = wrapper.xcdatamodel; path = Lab05.xcdatamodel; sourceTree = "<group>"; };
		8CEA3F7C1D236EFE00E4E876 /* Assets.xcassets */ = {isa = PBXFileReference; lastKnownFileType = folder.assetcatalog; path = Assets.xcassets; sourceTree = "<group>"; };
		8CEA3F7F1D236EFE00E4E876 /* Base */ = {isa = PBXFileReference; lastKnownFileType = file.storyboard; name = Base; path = Base.lproj/LaunchScreen.storyboard; sourceTree = "<group>"; };
		8CEA3F811D236EFE00E4E876 /* Info.plist */ = {isa = PBXFileReference; lastKnownFileType = text.plist.xml; path = Info.plist; sourceTree = "<group>"; };
		8CEA3F8A1D23709100E4E876 /* celdaEstado.h */ = {isa = PBXFileReference; fileEncoding = 4; lastKnownFileType = sourcecode.c.h; path = celdaEstado.h; sourceTree = "<group>"; };
		8CEA3F8B1D23709100E4E876 /* celdaEstado.m */ = {isa = PBXFileReference; fileEncoding = 4; lastKnownFileType = sourcecode.c.objc; path = celdaEstado.m; sourceTree = "<group>"; };
		8CEA3F8C1D23709100E4E876 /* celdaEstado.xib */ = {isa = PBXFileReference; fileEncoding = 4; lastKnownFileType = file.xib; path = celdaEstado.xib; sourceTree = "<group>"; };
		E1A7FFDF94A2192FDF3F2366 /* Pods_Lab05.framework */ = {isa = PBXFileReference; explicitFileType = wrapper.framework; includeInIndex = 0; path = Pods_Lab05.framework; sourceTree = BUILT_PRODUCTS_DIR; };
		F1F3F904693933F340F3EB61 /* Pods-Lab05.release.xcconfig */ = {isa = PBXFileReference; includeInIndex = 1; lastKnownFileType = text.xcconfig; name = "Pods-Lab05.release.xcconfig"; path = "Lab05/Pods/Target Support Files/Pods-Lab05/Pods-Lab05.release.xcconfig"; sourceTree = "<group>"; };
/* End PBXFileReference section */

/* Begin PBXFrameworksBuildPhase section */
		8CEA3F671D236EFD00E4E876 /* Frameworks */ = {
			isa = PBXFrameworksBuildPhase;
			buildActionMask = 2147483647;
			files = (
				8C85748F1D3755CE00B86033 /* libstdc++.tbd in Frameworks */,
				8C90EBC41D389FDE00494B9C /* TwitterCore.framework in Frameworks */,
				8C85748D1D37559200B86033 /* libz.tbd in Frameworks */,
				A3C1E44A37F1BBBC6F260D17 /* Pods_Lab05.framework in Frameworks */,
				8C90EBC11D389FDE00494B9C /* Fabric.framework in Frameworks */,
				8C90EBC21D389FDE00494B9C /* DigitsKit.framework in Frameworks */,
			);
			runOnlyForDeploymentPostprocessing = 0;
		};
/* End PBXFrameworksBuildPhase section */

/* Begin PBXGroup section */
		07B391E6C6FFCC7FE959B898 /* Pods */ = {
			isa = PBXGroup;
			children = (
				5AF4A085DC464AC5056B053A /* Pods-Lab05.debug.xcconfig */,
				F1F3F904693933F340F3EB61 /* Pods-Lab05.release.xcconfig */,
			);
			name = Pods;
			sourceTree = "<group>";
		};
		8CD73AE81D24E51E00674FB5 /* Imagenes */ = {
			isa = PBXGroup;
			children = (
				8CD73AE91D24E51E00674FB5 /* Armeria.jpg */,
				8CD73AEA1D24E51E00674FB5 /* BahiaDeBanderas.jpg */,
				8CD73AEB1D24E51E00674FB5 /* Colima.jpg */,
				8CD73AEC1D24E51E00674FB5 /* Colima.png */,
				8CD73AED1D24E51E00674FB5 /* Comala.jpg */,
				8CD73AEE1D24E51E00674FB5 /* Compostela.jpg */,
				8CD73AEF1D24E51E00674FB5 /* Cotija.jpg */,
				8CD73AF01D24E51E00674FB5 /* Culiacan.jpg */,
				8CD73AF11D24E51E00674FB5 /* Guadalajara.jpg */,
				8CD73AF21D24E51E00674FB5 /* Guasave.jpg */,
				8CD73AF31D24E51E00674FB5 /* Jala.jpg */,
				8CD73AF41D24E51E00674FB5 /* Jalisco.png */,
				8CD73AF51D24E51E00674FB5 /* Manzanillo.jpg */,
				8CD73AF61D24E51E00674FB5 /* Mazamitla.jpg */,
				8CD73AF71D24E51E00674FB5 /* Mazatlan.jpg */,
				8CD73AF81D24E51E00674FB5 /* Michoacan.png */,
				8CD73AF91D24E51E00674FB5 /* Morelia.jpg */,
				8CD73AFA1D24E51E00674FB5 /* Navolato.jpg */,
				8CD73AFB1D24E51E00674FB5 /* Nayarit.png */,
				8CD73AFC1D24E51E00674FB5 /* Patzcuaro.jpg */,
				8CD73AFD1D24E51E00674FB5 /* Rosario.jpg */,
				8CD73AFE1D24E51E00674FB5 /* Sinaloa.png */,
				8CD73AFF1D24E51E00674FB5 /* Tecoman.jpg */,
				8CD73B001D24E51E00674FB5 /* Tecuala.jpg */,
				8CD73B011D24E51E00674FB5 /* Tepic.jpg */,
				8CD73B021D24E51E00674FB5 /* Tlaquepaque.jpg */,
				8CD73B031D24E51E00674FB5 /* Uruapan.jpg */,
				8CD73B041D24E51E00674FB5 /* Vallarta.jpg */,
				8CD73B051D24E51E00674FB5 /* Zapopan.jpg */,
				8CD73B061D24E51E00674FB5 /* Zitacuaro.jpg */,
			);
			path = Imagenes;
			sourceTree = "<group>";
		};
		8CEA3F611D236EFD00E4E876 = {
			isa = PBXGroup;
			children = (
				8C90EBBD1D389FDE00494B9C /* Fabric.framework */,
				8C90EBBE1D389FDE00494B9C /* DigitsKit.framework */,
				8C90EBBF1D389FDE00494B9C /* DigitsKitResources.bundle */,
				8C90EBC01D389FDE00494B9C /* TwitterCore.framework */,
				8C8298021D2F683500EA7256 /* GoogleService-Info.plist */,
				8CEA3F6C1D236EFD00E4E876 /* Lab05 */,
				8CEA3F6B1D236EFD00E4E876 /* Products */,
				07B391E6C6FFCC7FE959B898 /* Pods */,
				B28E9FF332AE213258A0F724 /* Frameworks */,
			);
			sourceTree = "<group>";
		};
		8CEA3F6B1D236EFD00E4E876 /* Products */ = {
			isa = PBXGroup;
			children = (
				8CEA3F6A1D236EFD00E4E876 /* Lab05.app */,
			);
			name = Products;
			sourceTree = "<group>";
		};
		8CEA3F6C1D236EFD00E4E876 /* Lab05 */ = {
			isa = PBXGroup;
			children = (
				8CD73AE81D24E51E00674FB5 /* Imagenes */,
				8CEA3F891D23706900E4E876 /* Celdas */,
				8CEA3F881D236F1400E4E876 /* Main */,
				8CEA3F871D236F0B00E4E876 /* Controllers */,
				8CEA3F761D236EFE00E4E876 /* Main.storyboard */,
				8CEA3F7C1D236EFE00E4E876 /* Assets.xcassets */,
				8CEA3F7E1D236EFE00E4E876 /* LaunchScreen.storyboard */,
				8CEA3F811D236EFE00E4E876 /* Info.plist */,
				8CEA3F791D236EFE00E4E876 /* Lab05.xcdatamodeld */,
				8CEA3F6D1D236EFD00E4E876 /* Supporting Files */,
			);
			path = Lab05;
			sourceTree = "<group>";
		};
		8CEA3F6D1D236EFD00E4E876 /* Supporting Files */ = {
			isa = PBXGroup;
			children = (
				8CEA3F6E1D236EFD00E4E876 /* main.m */,
				8C7BA5621D2E1B680090D994 /* Podfile */,
			);
			name = "Supporting Files";
			sourceTree = "<group>";
		};
		8CEA3F871D236F0B00E4E876 /* Controllers */ = {
			isa = PBXGroup;
			children = (
				8CEA3F731D236EFD00E4E876 /* Inicio.h */,
				8CEA3F741D236EFD00E4E876 /* Inicio.m */,
				8CD6D9E11D26212F0081BA09 /* Municipio.h */,
				8CD6D9E21D26212F0081BA09 /* Municipio.m */,
				8CD6D9E61D26381C0081BA09 /* Destination.h */,
				8CD6D9E71D26381C0081BA09 /* Destination.m */,
			);
			name = Controllers;
			sourceTree = "<group>";
		};
		8CEA3F881D236F1400E4E876 /* Main */ = {
			isa = PBXGroup;
			children = (
				8CEA3F701D236EFD00E4E876 /* AppDelegate.h */,
				8CEA3F711D236EFD00E4E876 /* AppDelegate.m */,
			);
			name = Main;
			sourceTree = "<group>";
		};
		8CEA3F891D23706900E4E876 /* Celdas */ = {
			isa = PBXGroup;
			children = (
				8CEA3F8A1D23709100E4E876 /* celdaEstado.h */,
				8CEA3F8B1D23709100E4E876 /* celdaEstado.m */,
				8CEA3F8C1D23709100E4E876 /* celdaEstado.xib */,
				8CD6D9D71D261FBA0081BA09 /* celdaMunicipio.h */,
				8CD6D9D81D261FBA0081BA09 /* celdaMunicipio.m */,
				8CD6D9D91D261FBA0081BA09 /* celdaMunicipio.xib */,
			);
			name = Celdas;
			sourceTree = "<group>";
		};
		B28E9FF332AE213258A0F724 /* Frameworks */ = {
			isa = PBXGroup;
			children = (
				8C85748E1D3755CE00B86033 /* libstdc++.tbd */,
				8C85748C1D37559200B86033 /* libz.tbd */,
				E1A7FFDF94A2192FDF3F2366 /* Pods_Lab05.framework */,
			);
			name = Frameworks;
			sourceTree = "<group>";
		};
/* End PBXGroup section */

/* Begin PBXNativeTarget section */
		8CEA3F691D236EFD00E4E876 /* Lab05 */ = {
			isa = PBXNativeTarget;
			buildConfigurationList = 8CEA3F841D236EFE00E4E876 /* Build configuration list for PBXNativeTarget "Lab05" */;
			buildPhases = (
				7F516291A0424FBDAE7E23DE /* [CP] Check Pods Manifest.lock */,
				8CEA3F661D236EFD00E4E876 /* Sources */,
				8CEA3F671D236EFD00E4E876 /* Frameworks */,
				8CEA3F681D236EFD00E4E876 /* Resources */,
				F0D71099E6CA947695596CE9 /* [CP] Embed Pods Frameworks */,
				CE56A8D1D14EFB5AF3F7007D /* [CP] Copy Pods Resources */,
				8C90EBBC1D389F6300494B9C /* ShellScript */,
			);
			buildRules = (
			);
			dependencies = (
			);
			name = Lab05;
			productName = Lab05;
			productReference = 8CEA3F6A1D236EFD00E4E876 /* Lab05.app */;
			productType = "com.apple.product-type.application";
		};
/* End PBXNativeTarget section */

/* Begin PBXProject section */
		8CEA3F621D236EFD00E4E876 /* Project object */ = {
			isa = PBXProject;
			attributes = {
				LastUpgradeCheck = 0730;
				ORGANIZATIONNAME = RGO;
				TargetAttributes = {
					8CEA3F691D236EFD00E4E876 = {
						CreatedOnToolsVersion = 7.3.1;
						DevelopmentTeam = QXF33N93KH;
					};
				};
			};
			buildConfigurationList = 8CEA3F651D236EFD00E4E876 /* Build configuration list for PBXProject "Lab05" */;
			compatibilityVersion = "Xcode 3.2";
			developmentRegion = English;
			hasScannedForEncodings = 0;
			knownRegions = (
				en,
				Base,
			);
			mainGroup = 8CEA3F611D236EFD00E4E876;
			productRefGroup = 8CEA3F6B1D236EFD00E4E876 /* Products */;
			projectDirPath = "";
			projectRoot = "";
			targets = (
				8CEA3F691D236EFD00E4E876 /* Lab05 */,
			);
		};
/* End PBXProject section */

/* Begin PBXResourcesBuildPhase section */
		8CEA3F681D236EFD00E4E876 /* Resources */ = {
			isa = PBXResourcesBuildPhase;
			buildActionMask = 2147483647;
			files = (
				8CD73B101D24E51E00674FB5 /* Guasave.jpg in Resources */,
				8CD73B091D24E51E00674FB5 /* Colima.jpg in Resources */,
				8CD73B201D24E51E00674FB5 /* Tlaquepaque.jpg in Resources */,
				8CD73B1B1D24E51E00674FB5 /* Rosario.jpg in Resources */,
				8CD73B1D1D24E51E00674FB5 /* Tecoman.jpg in Resources */,
				8CD73B111D24E51E00674FB5 /* Jala.jpg in Resources */,
				8C8298031D2F683500EA7256 /* GoogleService-Info.plist in Resources */,
				8C7BA5631D2E1B680090D994 /* Podfile in Resources */,
				8CD73B121D24E51E00674FB5 /* Jalisco.png in Resources */,
				8CD73B141D24E51E00674FB5 /* Mazamitla.jpg in Resources */,
				8CEA3F801D236EFE00E4E876 /* LaunchScreen.storyboard in Resources */,
				8CD73B151D24E51E00674FB5 /* Mazatlan.jpg in Resources */,
				8CD73B241D24E51E00674FB5 /* Zitacuaro.jpg in Resources */,
				8CD73B161D24E51E00674FB5 /* Michoacan.png in Resources */,
				8C90EBC31D389FDE00494B9C /* DigitsKitResources.bundle in Resources */,
				8CD73B0B1D24E51E00674FB5 /* Comala.jpg in Resources */,
				8CD73B231D24E51E00674FB5 /* Zapopan.jpg in Resources */,
				8CD73B0A1D24E51E00674FB5 /* Colima.png in Resources */,
				8CD73B0C1D24E51E00674FB5 /* Compostela.jpg in Resources */,
				8CD73B071D24E51E00674FB5 /* Armeria.jpg in Resources */,
				8CD73B081D24E51E00674FB5 /* BahiaDeBanderas.jpg in Resources */,
				8CD73B1A1D24E51E00674FB5 /* Patzcuaro.jpg in Resources */,
				8CD73B0E1D24E51E00674FB5 /* Culiacan.jpg in Resources */,
				8CD73B221D24E51E00674FB5 /* Vallarta.jpg in Resources */,
				8CD73B0F1D24E51E00674FB5 /* Guadalajara.jpg in Resources */,
				8CD73B181D24E51E00674FB5 /* Navolato.jpg in Resources */,
				8CD73B1F1D24E51E00674FB5 /* Tepic.jpg in Resources */,
				8CEA3F8E1D23709100E4E876 /* celdaEstado.xib in Resources */,
				8CD73B171D24E51E00674FB5 /* Morelia.jpg in Resources */,
				8CEA3F7D1D236EFE00E4E876 /* Assets.xcassets in Resources */,
				8CD6D9DB1D261FBA0081BA09 /* celdaMunicipio.xib in Resources */,
				8CD73B1C1D24E51E00674FB5 /* Sinaloa.png in Resources */,
				8CD73B131D24E51E00674FB5 /* Manzanillo.jpg in Resources */,
				8CD73B0D1D24E51E00674FB5 /* Cotija.jpg in Resources */,
				8CD73B211D24E51E00674FB5 /* Uruapan.jpg in Resources */,
				8CD73B1E1D24E51E00674FB5 /* Tecuala.jpg in Resources */,
				8CD73B191D24E51E00674FB5 /* Nayarit.png in Resources */,
				8CEA3F781D236EFE00E4E876 /* Main.storyboard in Resources */,
			);
			runOnlyForDeploymentPostprocessing = 0;
		};
/* End PBXResourcesBuildPhase section */

/* Begin PBXShellScriptBuildPhase section */
		7F516291A0424FBDAE7E23DE /* [CP] Check Pods Manifest.lock */ = {
			isa = PBXShellScriptBuildPhase;
			buildActionMask = 2147483647;
			files = (
			);
			inputPaths = (
			);
			name = "[CP] Check Pods Manifest.lock";
			outputPaths = (
			);
			runOnlyForDeploymentPostprocessing = 0;
			shellPath = /bin/sh;
			shellScript = "diff \"${PODS_ROOT}/../Podfile.lock\" \"${PODS_ROOT}/Manifest.lock\" > /dev/null\nif [[ $? != 0 ]] ; then\n    cat << EOM\nerror: The sandbox is not in sync with the Podfile.lock. Run 'pod install' or update your CocoaPods installation.\nEOM\n    exit 1\nfi\n";
			showEnvVarsInLog = 0;
		};
		8C90EBBC1D389F6300494B9C /* ShellScript */ = {
			isa = PBXShellScriptBuildPhase;
			buildActionMask = 2147483647;
			files = (
			);
			inputPaths = (
			);
			outputPaths = (
			);
			runOnlyForDeploymentPostprocessing = 0;
			shellPath = /bin/sh;
			shellScript = "./Fabric.framework/run 8034c6832f4aaa6fda0f17bde951d9d5fb44dee5 b37c8a8c0e092abf165f2baeac826c8c61bbba7101236de0ee83bb13c6a81873";
		};
		CE56A8D1D14EFB5AF3F7007D /* [CP] Copy Pods Resources */ = {
			isa = PBXShellScriptBuildPhase;
			buildActionMask = 2147483647;
			files = (
			);
			inputPaths = (
			);
			name = "[CP] Copy Pods Resources";
			outputPaths = (
			);
			runOnlyForDeploymentPostprocessing = 0;
			shellPath = /bin/sh;
			shellScript = "\"${SRCROOT}/Lab05/Pods/Target Support Files/Pods-Lab05/Pods-Lab05-resources.sh\"\n";
			showEnvVarsInLog = 0;
		};
		F0D71099E6CA947695596CE9 /* [CP] Embed Pods Frameworks */ = {
			isa = PBXShellScriptBuildPhase;
			buildActionMask = 2147483647;
			files = (
			);
			inputPaths = (
			);
			name = "[CP] Embed Pods Frameworks";
			outputPaths = (
			);
			runOnlyForDeploymentPostprocessing = 0;
			shellPath = /bin/sh;
			shellScript = "\"${SRCROOT}/Lab05/Pods/Target Support Files/Pods-Lab05/Pods-Lab05-frameworks.sh\"\n";
			showEnvVarsInLog = 0;
		};
/* End PBXShellScriptBuildPhase section */

/* Begin PBXSourcesBuildPhase section */
		8CEA3F661D236EFD00E4E876 /* Sources */ = {
			isa = PBXSourcesBuildPhase;
			buildActionMask = 2147483647;
			files = (
				8CEA3F8D1D23709100E4E876 /* celdaEstado.m in Sources */,
				8CEA3F751D236EFD00E4E876 /* Inicio.m in Sources */,
				8CD6D9E81D26381C0081BA09 /* Destination.m in Sources */,
				8CEA3F721D236EFD00E4E876 /* AppDelegate.m in Sources */,
				8CD6D9DA1D261FBA0081BA09 /* celdaMunicipio.m in Sources */,
				8CEA3F7B1D236EFE00E4E876 /* Lab05.xcdatamodeld in Sources */,
				8CD6D9E41D26212F0081BA09 /* Municipio.m in Sources */,
				8CEA3F6F1D236EFD00E4E876 /* main.m in Sources */,
			);
			runOnlyForDeploymentPostprocessing = 0;
		};
/* End PBXSourcesBuildPhase section */

/* Begin PBXVariantGroup section */
		8CEA3F761D236EFE00E4E876 /* Main.storyboard */ = {
			isa = PBXVariantGroup;
			children = (
				8CEA3F771D236EFE00E4E876 /* Base */,
			);
			name = Main.storyboard;
			sourceTree = "<group>";
		};
		8CEA3F7E1D236EFE00E4E876 /* LaunchScreen.storyboard */ = {
			isa = PBXVariantGroup;
			children = (
				8CEA3F7F1D236EFE00E4E876 /* Base */,
			);
			name = LaunchScreen.storyboard;
			sourceTree = "<group>";
		};
/* End PBXVariantGroup section */

/* Begin XCBuildConfiguration section */
		8CEA3F821D236EFE00E4E876 /* Debug */ = {
			isa = XCBuildConfiguration;
			buildSettings = {
				ALWAYS_SEARCH_USER_PATHS = NO;
				CLANG_ANALYZER_NONNULL = YES;
				CLANG_CXX_LANGUAGE_STANDARD = "gnu++0x";
				CLANG_CXX_LIBRARY = "libc++";
				CLANG_ENABLE_MODULES = YES;
				CLANG_ENABLE_OBJC_ARC = YES;
				CLANG_WARN_BOOL_CONVERSION = YES;
				CLANG_WARN_CONSTANT_CONVERSION = YES;
				CLANG_WARN_DIRECT_OBJC_ISA_USAGE = YES_ERROR;
				CLANG_WARN_EMPTY_BODY = YES;
				CLANG_WARN_ENUM_CONVERSION = YES;
				CLANG_WARN_INT_CONVERSION = YES;
				CLANG_WARN_OBJC_ROOT_CLASS = YES_ERROR;
				CLANG_WARN_UNREACHABLE_CODE = YES;
				CLANG_WARN__DUPLICATE_METHOD_MATCH = YES;
				"CODE_SIGN_IDENTITY[sdk=iphoneos*]" = "iPhone Developer";
				COPY_PHASE_STRIP = NO;
				DEBUG_INFORMATION_FORMAT = dwarf;
				ENABLE_STRICT_OBJC_MSGSEND = YES;
				ENABLE_TESTABILITY = YES;
				GCC_C_LANGUAGE_STANDARD = gnu99;
				GCC_DYNAMIC_NO_PIC = NO;
				GCC_NO_COMMON_BLOCKS = YES;
				GCC_OPTIMIZATION_LEVEL = 0;
				GCC_PREPROCESSOR_DEFINITIONS = (
					"DEBUG=1",
					"$(inherited)",
				);
				GCC_WARN_64_TO_32_BIT_CONVERSION = YES;
				GCC_WARN_ABOUT_RETURN_TYPE = YES_ERROR;
				GCC_WARN_UNDECLARED_SELECTOR = YES;
				GCC_WARN_UNINITIALIZED_AUTOS = YES_AGGRESSIVE;
				GCC_WARN_UNUSED_FUNCTION = YES;
				GCC_WARN_UNUSED_VARIABLE = YES;
				IPHONEOS_DEPLOYMENT_TARGET = 9.3;
				MTL_ENABLE_DEBUG_INFO = YES;
				ONLY_ACTIVE_ARCH = YES;
				SDKROOT = iphoneos;
			};
			name = Debug;
		};
		8CEA3F831D236EFE00E4E876 /* Release */ = {
			isa = XCBuildConfiguration;
			buildSettings = {
				ALWAYS_SEARCH_USER_PATHS = NO;
				CLANG_ANALYZER_NONNULL = YES;
				CLANG_CXX_LANGUAGE_STANDARD = "gnu++0x";
				CLANG_CXX_LIBRARY = "libc++";
				CLANG_ENABLE_MODULES = YES;
				CLANG_ENABLE_OBJC_ARC = YES;
				CLANG_WARN_BOOL_CONVERSION = YES;
				CLANG_WARN_CONSTANT_CONVERSION = YES;
				CLANG_WARN_DIRECT_OBJC_ISA_USAGE = YES_ERROR;
				CLANG_WARN_EMPTY_BODY = YES;
				CLANG_WARN_ENUM_CONVERSION = YES;
				CLANG_WARN_INT_CONVERSION = YES;
				CLANG_WARN_OBJC_ROOT_CLASS = YES_ERROR;
				CLANG_WARN_UNREACHABLE_CODE = YES;
				CLANG_WARN__DUPLICATE_METHOD_MATCH = YES;
				"CODE_SIGN_IDENTITY[sdk=iphoneos*]" = "iPhone Developer";
				COPY_PHASE_STRIP = NO;
				DEBUG_INFORMATION_FORMAT = "dwarf-with-dsym";
				ENABLE_NS_ASSERTIONS = NO;
				ENABLE_STRICT_OBJC_MSGSEND = YES;
				GCC_C_LANGUAGE_STANDARD = gnu99;
				GCC_NO_COMMON_BLOCKS = YES;
				GCC_WARN_64_TO_32_BIT_CONVERSION = YES;
				GCC_WARN_ABOUT_RETURN_TYPE = YES_ERROR;
				GCC_WARN_UNDECLARED_SELECTOR = YES;
				GCC_WARN_UNINITIALIZED_AUTOS = YES_AGGRESSIVE;
				GCC_WARN_UNUSED_FUNCTION = YES;
				GCC_WARN_UNUSED_VARIABLE = YES;
				IPHONEOS_DEPLOYMENT_TARGET = 9.3;
				MTL_ENABLE_DEBUG_INFO = NO;
				SDKROOT = iphoneos;
				VALIDATE_PRODUCT = YES;
			};
			name = Release;
		};
		8CEA3F851D236EFE00E4E876 /* Debug */ = {
			isa = XCBuildConfiguration;
			baseConfigurationReference = 5AF4A085DC464AC5056B053A /* Pods-Lab05.debug.xcconfig */;
			buildSettings = {
				ASSETCATALOG_COMPILER_APPICON_NAME = AppIcon;
				CODE_SIGN_IDENTITY = "iPhone Developer";
				"CODE_SIGN_IDENTITY[sdk=iphoneos*]" = "iPhone Developer";
				FRAMEWORK_SEARCH_PATHS = (
					"$(inherited)",
					"$(PROJECT_DIR)",
				);
				INFOPLIST_FILE = Lab05/Info.plist;
				LD_RUNPATH_SEARCH_PATHS = "$(inherited) @executable_path/Frameworks";
				PRODUCT_BUNDLE_IDENTIFIER = COM.RGO.Lab05;
				PRODUCT_NAME = "$(TARGET_NAME)";
				PROVISIONING_PROFILE = "";
			};
			name = Debug;
		};
		8CEA3F861D236EFE00E4E876 /* Release */ = {
			isa = XCBuildConfiguration;
			baseConfigurationReference = F1F3F904693933F340F3EB61 /* Pods-Lab05.release.xcconfig */;
			buildSettings = {
				ASSETCATALOG_COMPILER_APPICON_NAME = AppIcon;
				CODE_SIGN_IDENTITY = "iPhone Developer";
				"CODE_SIGN_IDENTITY[sdk=iphoneos*]" = "iPhone Developer";
				FRAMEWORK_SEARCH_PATHS = (
					"$(inherited)",
					"$(PROJECT_DIR)",
				);
				INFOPLIST_FILE = Lab05/Info.plist;
				LD_RUNPATH_SEARCH_PATHS = "$(inherited) @executable_path/Frameworks";
				PRODUCT_BUNDLE_IDENTIFIER = COM.RGO.Lab05;
				PRODUCT_NAME = "$(TARGET_NAME)";
				PROVISIONING_PROFILE = "";
			};
			name = Release;
		};
/* End XCBuildConfiguration section */

/* Begin XCConfigurationList section */
		8CEA3F651D236EFD00E4E876 /* Build configuration list for PBXProject "Lab05" */ = {
			isa = XCConfigurationList;
			buildConfigurations = (
				8CEA3F821D236EFE00E4E876 /* Debug */,
				8CEA3F831D236EFE00E4E876 /* Release */,
			);
			defaultConfigurationIsVisible = 0;
			defaultConfigurationName = Release;
		};
		8CEA3F841D236EFE00E4E876 /* Build configuration list for PBXNativeTarget "Lab05" */ = {
			isa = XCConfigurationList;
			buildConfigurations = (
				8CEA3F851D236EFE00E4E876 /* Debug */,
				8CEA3F861D236EFE00E4E876 /* Release */,
			);
			defaultConfigurationIsVisible = 0;
			defaultConfigurationName = Release;
		};
/* End XCConfigurationList section */

/* Begin XCVersionGroup section */
		8CEA3F791D236EFE00E4E876 /* Lab05.xcdatamodeld */ = {
			isa = XCVersionGroup;
			children = (
				8CEA3F7A1D236EFE00E4E876 /* Lab05.xcdatamodel */,
			);
			currentVersion = 8CEA3F7A1D236EFE00E4E876 /* Lab05.xcdatamodel */;
			path = Lab05.xcdatamodeld;
			sourceTree = "<group>";
			versionGroupType = wrapper.xcdatamodel;
		};
/* End XCVersionGroup section */
	};
	rootObject = 8CEA3F621D236EFD00E4E876 /* Project object */;
}
